
Microsoft Visual Studio Solution File, Format Version 12.00
# Visual Studio Version 17
VisualStudioVersion = 17.9.34902.65
MinimumVisualStudioVersion = 10.0.40219.1
Project("{FAE04EC0-301F-11D3-BF4B-00C04F79EFBC}") = "StepApp", "StepApp\StepApp.csproj", "{9B321F50-4F57-4A14-A742-855FAB78FAC2}"
EndProject
Global
	GlobalSection(SolutionConfigurationPlatforms) = preSolution
		Debug|Any CPU = Debug|Any CPU
		Release|Any CPU = Release|Any CPU
	EndGlobalSection
	GlobalSection(ProjectConfigurationPlatforms) = postSolution
		{9B321F50-4F57-4A14-A742-855FAB78FAC2}.Debug|Any CPU.ActiveCfg = Debug|Any CPU
		{9B321F50-4F57-4A14-A742-855FAB78FAC2}.Debug|Any CPU.Build.0 = Debug|Any CPU
		{9B321F50-4F57-4A14-A742-855FAB78FAC2}.Release|Any CPU.ActiveCfg = Release|Any CPU
		{9B321F50-4F57-4A14-A742-855FAB78FAC2}.Release|Any CPU.Build.0 = Release|Any CPU
	EndGlobalSection
	GlobalSection(SolutionProperties) = preSolution
		HideSolutionNode = FALSE
	EndGlobalSection
	GlobalSection(ExtensibilityGlobals) = postSolution
		SolutionGuid = {6924AB58-8D51-4202-A157-BC767ADD3412}
	EndGlobalSection
EndGlobal
